
Microsoft Visual Studio Solution File, Format Version 12.00
# Visual Studio Version 17
VisualStudioVersion = 17.5.33516.290
MinimumVisualStudioVersion = 10.0.40219.1
Project("{FAE04EC0-301F-11D3-BF4B-00C04F79EFBC}") = "exciseGitIgnore", "exciseGitIgnore\exciseGitIgnore.csproj", "{6F3E7D56-168F-44D6-ABBA-16772B64B57F}"
EndProject
Global
	GlobalSection(SolutionConfigurationPlatforms) = preSolution
		Debug|Any CPU = Debug|Any CPU
		Release|Any CPU = Release|Any CPU
	EndGlobalSection
	GlobalSection(ProjectConfigurationPlatforms) = postSolution
		{6F3E7D56-168F-44D6-ABBA-16772B64B57F}.Debug|Any CPU.ActiveCfg = Debug|Any CPU
		{6F3E7D56-168F-44D6-ABBA-16772B64B57F}.Debug|Any CPU.Build.0 = Debug|Any CPU
		{6F3E7D56-168F-44D6-ABBA-16772B64B57F}.Release|Any CPU.ActiveCfg = Release|Any CPU
		{6F3E7D56-168F-44D6-ABBA-16772B64B57F}.Release|Any CPU.Build.0 = Release|Any CPU
	EndGlobalSection
	GlobalSection(SolutionProperties) = preSolution
		HideSolutionNode = FALSE
	EndGlobalSection
	GlobalSection(ExtensibilityGlobals) = postSolution
		SolutionGuid = {D4E37D9C-E876-4F1E-85EA-76F2B1C11CB9}
	EndGlobalSection
EndGlobal
